// !$*UTF8*$!
{
	archiveVersion = 1;
	classes = {
	};
	objectVersion = 46;
	objects = {

/* Begin PBXBuildFile section */
		8F2316071DE44DA6004DAE9B /* Drawn.storyboard in Resources */ = {isa = PBXBuildFile; fileRef = 8F2316061DE44DA6004DAE9B /* Drawn.storyboard */; };
		8F2316091DE44DCE004DAE9B /* DrawnViewController.swift in Sources */ = {isa = PBXBuildFile; fileRef = 8F2316081DE44DCE004DAE9B /* DrawnViewController.swift */; };
		8F9D818D1E27746F00BB8BAF /* ArcCap.swift in Sources */ = {isa = PBXBuildFile; fileRef = 8F9D818C1E27746F00BB8BAF /* ArcCap.swift */; };
		8F9D81911E278CB200BB8BAF /* SolidArcLayer.swift in Sources */ = {isa = PBXBuildFile; fileRef = 8F9D81901E278CB200BB8BAF /* SolidArcLayer.swift */; };
		8F9D81951E2790F900BB8BAF /* Span.storyboard in Resources */ = {isa = PBXBuildFile; fileRef = 8F9D81941E2790F900BB8BAF /* Span.storyboard */; };
		8F9D81971E27911400BB8BAF /* SpanViewController.swift in Sources */ = {isa = PBXBuildFile; fileRef = 8F9D81961E27911400BB8BAF /* SpanViewController.swift */; };
		8F9D81991E27914300BB8BAF /* SolidArcView.swift in Sources */ = {isa = PBXBuildFile; fileRef = 8F9D81981E27914300BB8BAF /* SolidArcView.swift */; };
		8F9D819B1E2793E200BB8BAF /* Constants.swift in Sources */ = {isa = PBXBuildFile; fileRef = 8F9D819A1E2793E200BB8BAF /* Constants.swift */; };
		8F9D819D1E27AAB600BB8BAF /* DrawnArcView.swift in Sources */ = {isa = PBXBuildFile; fileRef = 8F9D819C1E27AAB600BB8BAF /* DrawnArcView.swift */; };
		8F9D819F1E27AADB00BB8BAF /* ShapeArcView.swift in Sources */ = {isa = PBXBuildFile; fileRef = 8F9D819E1E27AADB00BB8BAF /* ShapeArcView.swift */; };
		8F9D81A11E27ACF500BB8BAF /* Walk.storyboard in Resources */ = {isa = PBXBuildFile; fileRef = 8F9D81A01E27ACF500BB8BAF /* Walk.storyboard */; };
		8F9D81A31E27B10E00BB8BAF /* ShapeArcLayer.swift in Sources */ = {isa = PBXBuildFile; fileRef = 8F9D81A21E27B10E00BB8BAF /* ShapeArcLayer.swift */; };
		8FCE6AF61C7DFD600079A587 /* Cartfile in Resources */ = {isa = PBXBuildFile; fileRef = 8FCE6AF51C7DFD600079A587 /* Cartfile */; };
		8FCE6B081C7E09130079A587 /* AppDelegate.swift in Sources */ = {isa = PBXBuildFile; fileRef = 8FCE6B071C7E09130079A587 /* AppDelegate.swift */; };
		8FCE6B0A1C7E09130079A587 /* ViewController.swift in Sources */ = {isa = PBXBuildFile; fileRef = 8FCE6B091C7E09130079A587 /* ViewController.swift */; };
		8FCE6B0D1C7E09130079A587 /* Main.storyboard in Resources */ = {isa = PBXBuildFile; fileRef = 8FCE6B0B1C7E09130079A587 /* Main.storyboard */; };
		8FCE6B0F1C7E09130079A587 /* Assets.xcassets in Resources */ = {isa = PBXBuildFile; fileRef = 8FCE6B0E1C7E09130079A587 /* Assets.xcassets */; };
		8FCE6B121C7E09130079A587 /* LaunchScreen.storyboard in Resources */ = {isa = PBXBuildFile; fileRef = 8FCE6B101C7E09130079A587 /* LaunchScreen.storyboard */; };
		8FCE6B271C7F2CF20079A587 /* Arc.framework in Embed Frameworks */ = {isa = PBXBuildFile; fileRef = 8FD8736D1C76081E00181FA6 /* Arc.framework */; settings = {ATTRIBUTES = (CodeSignOnCopy, RemoveHeadersOnCopy, ); }; };
		8FCE6B2B1C7F358B0079A587 /* Arc.swift in Sources */ = {isa = PBXBuildFile; fileRef = 8FCE6B2A1C7F358B0079A587 /* Arc.swift */; };
		8FD873711C76081E00181FA6 /* Arc.h in Headers */ = {isa = PBXBuildFile; fileRef = 8FD873701C76081E00181FA6 /* Arc.h */; settings = {ATTRIBUTES = (Public, ); }; };
		8FD873781C76081E00181FA6 /* Arc.framework in Frameworks */ = {isa = PBXBuildFile; fileRef = 8FD8736D1C76081E00181FA6 /* Arc.framework */; };
		8FD8737D1C76081E00181FA6 /* ArcTests.swift in Sources */ = {isa = PBXBuildFile; fileRef = 8FD8737C1C76081E00181FA6 /* ArcTests.swift */; };
		8FD873881C76083900181FA6 /* DrawnArcLayer.swift in Sources */ = {isa = PBXBuildFile; fileRef = 8FD873871C76083900181FA6 /* DrawnArcLayer.swift */; };
		8FE57CAA201B7F3D00BCB821 /* Fuzzy.framework in Frameworks */ = {isa = PBXBuildFile; fileRef = 8F606BD2201B7EA2008D3D63 /* Fuzzy.framework */; };
		8FE57CAB201B7F3D00BCB821 /* Interpolation.framework in Frameworks */ = {isa = PBXBuildFile; fileRef = 8F606BD1201B7EA2008D3D63 /* Interpolation.framework */; };
		8FE57CAC201B7F3D00BCB821 /* Rounding.framework in Frameworks */ = {isa = PBXBuildFile; fileRef = 8F606BD3201B7EA2008D3D63 /* Rounding.framework */; };
		8FE57CB0201B7F3E00BCB821 /* Animation.framework in Frameworks */ = {isa = PBXBuildFile; fileRef = 8FE57CAD201B7F3D00BCB821 /* Animation.framework */; };
		8FE57CB1201B7F3E00BCB821 /* Arithmetic.framework in Frameworks */ = {isa = PBXBuildFile; fileRef = 8FE57CAE201B7F3D00BCB821 /* Arithmetic.framework */; };
		8FE57CB2201B7F3E00BCB821 /* Easing.framework in Frameworks */ = {isa = PBXBuildFile; fileRef = 8FE57CAF201B7F3E00BCB821 /* Easing.framework */; };
		8FE57CB3201B7F5A00BCB821 /* Animation.framework in Frameworks */ = {isa = PBXBuildFile; fileRef = 8FE57CAD201B7F3D00BCB821 /* Animation.framework */; };
		8FE57CB4201B7F5A00BCB821 /* Animation.framework in Embed Frameworks */ = {isa = PBXBuildFile; fileRef = 8FE57CAD201B7F3D00BCB821 /* Animation.framework */; settings = {ATTRIBUTES = (CodeSignOnCopy, RemoveHeadersOnCopy, ); }; };
		8FE57CB5201B7F5A00BCB821 /* Arithmetic.framework in Frameworks */ = {isa = PBXBuildFile; fileRef = 8FE57CAE201B7F3D00BCB821 /* Arithmetic.framework */; };
		8FE57CB6201B7F5A00BCB821 /* Arithmetic.framework in Embed Frameworks */ = {isa = PBXBuildFile; fileRef = 8FE57CAE201B7F3D00BCB821 /* Arithmetic.framework */; settings = {ATTRIBUTES = (CodeSignOnCopy, RemoveHeadersOnCopy, ); }; };
		8FE57CB7201B7F5A00BCB821 /* Easing.framework in Frameworks */ = {isa = PBXBuildFile; fileRef = 8FE57CAF201B7F3E00BCB821 /* Easing.framework */; };
		8FE57CB8201B7F5A00BCB821 /* Easing.framework in Embed Frameworks */ = {isa = PBXBuildFile; fileRef = 8FE57CAF201B7F3E00BCB821 /* Easing.framework */; settings = {ATTRIBUTES = (CodeSignOnCopy, RemoveHeadersOnCopy, ); }; };
		8FE57CB9201B7F5A00BCB821 /* Fuzzy.framework in Frameworks */ = {isa = PBXBuildFile; fileRef = 8F606BD2201B7EA2008D3D63 /* Fuzzy.framework */; };
		8FE57CBA201B7F5A00BCB821 /* Fuzzy.framework in Embed Frameworks */ = {isa = PBXBuildFile; fileRef = 8F606BD2201B7EA2008D3D63 /* Fuzzy.framework */; settings = {ATTRIBUTES = (CodeSignOnCopy, RemoveHeadersOnCopy, ); }; };
		8FE57CBB201B7F5A00BCB821 /* Interpolation.framework in Frameworks */ = {isa = PBXBuildFile; fileRef = 8F606BD1201B7EA2008D3D63 /* Interpolation.framework */; };
		8FE57CBC201B7F5A00BCB821 /* Interpolation.framework in Embed Frameworks */ = {isa = PBXBuildFile; fileRef = 8F606BD1201B7EA2008D3D63 /* Interpolation.framework */; settings = {ATTRIBUTES = (CodeSignOnCopy, RemoveHeadersOnCopy, ); }; };
		8FE57CBD201B7F5A00BCB821 /* Rounding.framework in Frameworks */ = {isa = PBXBuildFile; fileRef = 8F606BD3201B7EA2008D3D63 /* Rounding.framework */; };
		8FE57CBE201B7F5A00BCB821 /* Rounding.framework in Embed Frameworks */ = {isa = PBXBuildFile; fileRef = 8F606BD3201B7EA2008D3D63 /* Rounding.framework */; settings = {ATTRIBUTES = (CodeSignOnCopy, RemoveHeadersOnCopy, ); }; };
		8FE57CC0201B806700BCB821 /* Graphics.framework in Frameworks */ = {isa = PBXBuildFile; fileRef = 8FE57CBF201B806600BCB821 /* Graphics.framework */; };
		8FE57CC1201B806F00BCB821 /* Graphics.framework in Frameworks */ = {isa = PBXBuildFile; fileRef = 8FE57CBF201B806600BCB821 /* Graphics.framework */; };
		8FE57CC2201B806F00BCB821 /* Graphics.framework in Embed Frameworks */ = {isa = PBXBuildFile; fileRef = 8FE57CBF201B806600BCB821 /* Graphics.framework */; settings = {ATTRIBUTES = (CodeSignOnCopy, RemoveHeadersOnCopy, ); }; };
		8FF0FB4D1DE45CE5009CA2A5 /* Shape.storyboard in Resources */ = {isa = PBXBuildFile; fileRef = 8FF0FB4C1DE45CE5009CA2A5 /* Shape.storyboard */; };
		8FF0FB4F1DE48281009CA2A5 /* Arcs.storyboard in Resources */ = {isa = PBXBuildFile; fileRef = 8FF0FB4E1DE48281009CA2A5 /* Arcs.storyboard */; };
		8FF0FB531DE48BCF009CA2A5 /* ArcsViewController.swift in Sources */ = {isa = PBXBuildFile; fileRef = 8FF0FB521DE48BCF009CA2A5 /* ArcsViewController.swift */; };
/* End PBXBuildFile section */

/* Begin PBXContainerItemProxy section */
		8FCE6B281C7F2CF20079A587 /* PBXContainerItemProxy */ = {
			isa = PBXContainerItemProxy;
			containerPortal = 8FD873641C76081E00181FA6 /* Project object */;
			proxyType = 1;
			remoteGlobalIDString = 8FD8736C1C76081E00181FA6;
			remoteInfo = Arc;
		};
		8FD873791C76081E00181FA6 /* PBXContainerItemProxy */ = {
			isa = PBXContainerItemProxy;
			containerPortal = 8FD873641C76081E00181FA6 /* Project object */;
			proxyType = 1;
			remoteGlobalIDString = 8FD8736C1C76081E00181FA6;
			remoteInfo = Arc;
		};
/* End PBXContainerItemProxy section */

/* Begin PBXCopyFilesBuildPhase section */
		8FCE6B1B1C7E0B510079A587 /* Embed Frameworks */ = {
			isa = PBXCopyFilesBuildPhase;
			buildActionMask = 2147483647;
			dstPath = "";
			dstSubfolderSpec = 10;
			files = (
				8FCE6B271C7F2CF20079A587 /* Arc.framework in Embed Frameworks */,
				8FE57CBC201B7F5A00BCB821 /* Interpolation.framework in Embed Frameworks */,
				8FE57CB4201B7F5A00BCB821 /* Animation.framework in Embed Frameworks */,
				8FE57CBE201B7F5A00BCB821 /* Rounding.framework in Embed Frameworks */,
				8FE57CBA201B7F5A00BCB821 /* Fuzzy.framework in Embed Frameworks */,
				8FE57CB6201B7F5A00BCB821 /* Arithmetic.framework in Embed Frameworks */,
				8FE57CB8201B7F5A00BCB821 /* Easing.framework in Embed Frameworks */,
				8FE57CC2201B806F00BCB821 /* Graphics.framework in Embed Frameworks */,
			);
			name = "Embed Frameworks";
			runOnlyForDeploymentPostprocessing = 0;
		};
/* End PBXCopyFilesBuildPhase section */

/* Begin PBXFileReference section */
		8F2316061DE44DA6004DAE9B /* Drawn.storyboard */ = {isa = PBXFileReference; fileEncoding = 4; lastKnownFileType = file.storyboard; path = Drawn.storyboard; sourceTree = "<group>"; };
		8F2316081DE44DCE004DAE9B /* DrawnViewController.swift */ = {isa = PBXFileReference; fileEncoding = 4; lastKnownFileType = sourcecode.swift; path = DrawnViewController.swift; sourceTree = "<group>"; };
		8F606BD1201B7EA2008D3D63 /* Interpolation.framework */ = {isa = PBXFileReference; lastKnownFileType = wrapper.framework; name = Interpolation.framework; path = Carthage/Build/iOS/Interpolation.framework; sourceTree = "<group>"; };
		8F606BD2201B7EA2008D3D63 /* Fuzzy.framework */ = {isa = PBXFileReference; lastKnownFileType = wrapper.framework; name = Fuzzy.framework; path = Carthage/Build/iOS/Fuzzy.framework; sourceTree = "<group>"; };
		8F606BD3201B7EA2008D3D63 /* Rounding.framework */ = {isa = PBXFileReference; lastKnownFileType = wrapper.framework; name = Rounding.framework; path = Carthage/Build/iOS/Rounding.framework; sourceTree = "<group>"; };
		8F9D818C1E27746F00BB8BAF /* ArcCap.swift */ = {isa = PBXFileReference; fileEncoding = 4; lastKnownFileType = sourcecode.swift; path = ArcCap.swift; sourceTree = "<group>"; };
		8F9D81901E278CB200BB8BAF /* SolidArcLayer.swift */ = {isa = PBXFileReference; fileEncoding = 4; lastKnownFileType = sourcecode.swift; lineEnding = 0; path = SolidArcLayer.swift; sourceTree = "<group>"; xcLanguageSpecificationIdentifier = xcode.lang.swift; };
		8F9D81941E2790F900BB8BAF /* Span.storyboard */ = {isa = PBXFileReference; fileEncoding = 4; lastKnownFileType = file.storyboard; path = Span.storyboard; sourceTree = "<group>"; };
		8F9D81961E27911400BB8BAF /* SpanViewController.swift */ = {isa = PBXFileReference; fileEncoding = 4; lastKnownFileType = sourcecode.swift; lineEnding = 0; path = SpanViewController.swift; sourceTree = "<group>"; xcLanguageSpecificationIdentifier = xcode.lang.swift; };
		8F9D81981E27914300BB8BAF /* SolidArcView.swift */ = {isa = PBXFileReference; fileEncoding = 4; lastKnownFileType = sourcecode.swift; lineEnding = 0; path = SolidArcView.swift; sourceTree = "<group>"; xcLanguageSpecificationIdentifier = xcode.lang.swift; };
		8F9D819A1E2793E200BB8BAF /* Constants.swift */ = {isa = PBXFileReference; fileEncoding = 4; lastKnownFileType = sourcecode.swift; path = Constants.swift; sourceTree = "<group>"; };
		8F9D819C1E27AAB600BB8BAF /* DrawnArcView.swift */ = {isa = PBXFileReference; fileEncoding = 4; lastKnownFileType = sourcecode.swift; path = DrawnArcView.swift; sourceTree = "<group>"; };
		8F9D819E1E27AADB00BB8BAF /* ShapeArcView.swift */ = {isa = PBXFileReference; fileEncoding = 4; lastKnownFileType = sourcecode.swift; path = ShapeArcView.swift; sourceTree = "<group>"; };
		8F9D81A01E27ACF500BB8BAF /* Walk.storyboard */ = {isa = PBXFileReference; fileEncoding = 4; lastKnownFileType = file.storyboard; path = Walk.storyboard; sourceTree = "<group>"; };
		8F9D81A21E27B10E00BB8BAF /* ShapeArcLayer.swift */ = {isa = PBXFileReference; fileEncoding = 4; lastKnownFileType = sourcecode.swift; path = ShapeArcLayer.swift; sourceTree = "<group>"; };
		8FCE6AF51C7DFD600079A587 /* Cartfile */ = {isa = PBXFileReference; fileEncoding = 4; lastKnownFileType = text; path = Cartfile; sourceTree = "<group>"; };
		8FCE6B051C7E09130079A587 /* ArcDemo.app */ = {isa = PBXFileReference; explicitFileType = wrapper.application; includeInIndex = 0; path = ArcDemo.app; sourceTree = BUILT_PRODUCTS_DIR; };
		8FCE6B071C7E09130079A587 /* AppDelegate.swift */ = {isa = PBXFileReference; lastKnownFileType = sourcecode.swift; path = AppDelegate.swift; sourceTree = "<group>"; };
		8FCE6B091C7E09130079A587 /* ViewController.swift */ = {isa = PBXFileReference; lastKnownFileType = sourcecode.swift; path = ViewController.swift; sourceTree = "<group>"; };
		8FCE6B0C1C7E09130079A587 /* Base */ = {isa = PBXFileReference; lastKnownFileType = file.storyboard; name = Base; path = Base.lproj/Main.storyboard; sourceTree = "<group>"; };
		8FCE6B0E1C7E09130079A587 /* Assets.xcassets */ = {isa = PBXFileReference; lastKnownFileType = folder.assetcatalog; path = Assets.xcassets; sourceTree = "<group>"; };
		8FCE6B111C7E09130079A587 /* Base */ = {isa = PBXFileReference; lastKnownFileType = file.storyboard; name = Base; path = Base.lproj/LaunchScreen.storyboard; sourceTree = "<group>"; };
		8FCE6B131C7E09130079A587 /* Info.plist */ = {isa = PBXFileReference; lastKnownFileType = text.plist.xml; path = Info.plist; sourceTree = "<group>"; };
		8FCE6B2A1C7F358B0079A587 /* Arc.swift */ = {isa = PBXFileReference; fileEncoding = 4; lastKnownFileType = sourcecode.swift; path = Arc.swift; sourceTree = "<group>"; };
		8FD8736D1C76081E00181FA6 /* Arc.framework */ = {isa = PBXFileReference; explicitFileType = wrapper.framework; includeInIndex = 0; path = Arc.framework; sourceTree = BUILT_PRODUCTS_DIR; };
		8FD873701C76081E00181FA6 /* Arc.h */ = {isa = PBXFileReference; lastKnownFileType = sourcecode.c.h; path = Arc.h; sourceTree = "<group>"; };
		8FD873721C76081E00181FA6 /* Info.plist */ = {isa = PBXFileReference; lastKnownFileType = text.plist.xml; path = Info.plist; sourceTree = "<group>"; };
		8FD873771C76081E00181FA6 /* ArcTests.xctest */ = {isa = PBXFileReference; explicitFileType = wrapper.cfbundle; includeInIndex = 0; path = ArcTests.xctest; sourceTree = BUILT_PRODUCTS_DIR; };
		8FD8737C1C76081E00181FA6 /* ArcTests.swift */ = {isa = PBXFileReference; lastKnownFileType = sourcecode.swift; path = ArcTests.swift; sourceTree = "<group>"; };
		8FD8737E1C76081E00181FA6 /* Info.plist */ = {isa = PBXFileReference; lastKnownFileType = text.plist.xml; path = Info.plist; sourceTree = "<group>"; };
		8FD873871C76083900181FA6 /* DrawnArcLayer.swift */ = {isa = PBXFileReference; fileEncoding = 4; lastKnownFileType = sourcecode.swift; path = DrawnArcLayer.swift; sourceTree = "<group>"; };
		8FE57CAD201B7F3D00BCB821 /* Animation.framework */ = {isa = PBXFileReference; lastKnownFileType = wrapper.framework; name = Animation.framework; path = Carthage/Build/iOS/Animation.framework; sourceTree = "<group>"; };
		8FE57CAE201B7F3D00BCB821 /* Arithmetic.framework */ = {isa = PBXFileReference; lastKnownFileType = wrapper.framework; name = Arithmetic.framework; path = Carthage/Build/iOS/Arithmetic.framework; sourceTree = "<group>"; };
		8FE57CAF201B7F3E00BCB821 /* Easing.framework */ = {isa = PBXFileReference; lastKnownFileType = wrapper.framework; name = Easing.framework; path = Carthage/Build/iOS/Easing.framework; sourceTree = "<group>"; };
		8FE57CBF201B806600BCB821 /* Graphics.framework */ = {isa = PBXFileReference; lastKnownFileType = wrapper.framework; name = Graphics.framework; path = Carthage/Build/iOS/Graphics.framework; sourceTree = "<group>"; };
		8FF0FB4C1DE45CE5009CA2A5 /* Shape.storyboard */ = {isa = PBXFileReference; fileEncoding = 4; lastKnownFileType = file.storyboard; path = Shape.storyboard; sourceTree = "<group>"; };
		8FF0FB4E1DE48281009CA2A5 /* Arcs.storyboard */ = {isa = PBXFileReference; fileEncoding = 4; lastKnownFileType = file.storyboard; path = Arcs.storyboard; sourceTree = "<group>"; };
		8FF0FB521DE48BCF009CA2A5 /* ArcsViewController.swift */ = {isa = PBXFileReference; fileEncoding = 4; lastKnownFileType = sourcecode.swift; path = ArcsViewController.swift; sourceTree = "<group>"; };
/* End PBXFileReference section */

/* Begin PBXFrameworksBuildPhase section */
		8FCE6B021C7E09130079A587 /* Frameworks */ = {
			isa = PBXFrameworksBuildPhase;
			buildActionMask = 2147483647;
			files = (
				8FE57CB7201B7F5A00BCB821 /* Easing.framework in Frameworks */,
				8FE57CB5201B7F5A00BCB821 /* Arithmetic.framework in Frameworks */,
				8FE57CBD201B7F5A00BCB821 /* Rounding.framework in Frameworks */,
				8FE57CBB201B7F5A00BCB821 /* Interpolation.framework in Frameworks */,
				8FE57CB3201B7F5A00BCB821 /* Animation.framework in Frameworks */,
				8FE57CC1201B806F00BCB821 /* Graphics.framework in Frameworks */,
				8FE57CB9201B7F5A00BCB821 /* Fuzzy.framework in Frameworks */,
			);
			runOnlyForDeploymentPostprocessing = 0;
		};
		8FD873691C76081E00181FA6 /* Frameworks */ = {
			isa = PBXFrameworksBuildPhase;
			buildActionMask = 2147483647;
			files = (
				8FE57CC0201B806700BCB821 /* Graphics.framework in Frameworks */,
				8FE57CB0201B7F3E00BCB821 /* Animation.framework in Frameworks */,
				8FE57CB1201B7F3E00BCB821 /* Arithmetic.framework in Frameworks */,
				8FE57CB2201B7F3E00BCB821 /* Easing.framework in Frameworks */,
				8FE57CAA201B7F3D00BCB821 /* Fuzzy.framework in Frameworks */,
				8FE57CAB201B7F3D00BCB821 /* Interpolation.framework in Frameworks */,
				8FE57CAC201B7F3D00BCB821 /* Rounding.framework in Frameworks */,
			);
			runOnlyForDeploymentPostprocessing = 0;
		};
		8FD873741C76081E00181FA6 /* Frameworks */ = {
			isa = PBXFrameworksBuildPhase;
			buildActionMask = 2147483647;
			files = (
				8FD873781C76081E00181FA6 /* Arc.framework in Frameworks */,
			);
			runOnlyForDeploymentPostprocessing = 0;
		};
/* End PBXFrameworksBuildPhase section */

/* Begin PBXGroup section */
		8F606BD0201B7EA1008D3D63 /* Frameworks */ = {
			isa = PBXGroup;
			children = (
				8FE57CBF201B806600BCB821 /* Graphics.framework */,
				8FE57CAD201B7F3D00BCB821 /* Animation.framework */,
				8FE57CAE201B7F3D00BCB821 /* Arithmetic.framework */,
				8FE57CAF201B7F3E00BCB821 /* Easing.framework */,
				8F606BD2201B7EA2008D3D63 /* Fuzzy.framework */,
				8F606BD1201B7EA2008D3D63 /* Interpolation.framework */,
				8F606BD3201B7EA2008D3D63 /* Rounding.framework */,
			);
			name = Frameworks;
			sourceTree = "<group>";
		};
		8FA50D051CABBB65005D28B6 /* Supporting Files */ = {
			isa = PBXGroup;
			children = (
				8FD873701C76081E00181FA6 /* Arc.h */,
				8FD873721C76081E00181FA6 /* Info.plist */,
			);
			name = "Supporting Files";
			sourceTree = "<group>";
		};
		8FCE6B061C7E09130079A587 /* ArcDemo */ = {
			isa = PBXGroup;
			children = (
				8FCE6B071C7E09130079A587 /* AppDelegate.swift */,
				8FCE6B0B1C7E09130079A587 /* Main.storyboard */,
				8F9D81A01E27ACF500BB8BAF /* Walk.storyboard */,
				8FCE6B091C7E09130079A587 /* ViewController.swift */,
				8F2316061DE44DA6004DAE9B /* Drawn.storyboard */,
				8F2316081DE44DCE004DAE9B /* DrawnViewController.swift */,
				8FF0FB4C1DE45CE5009CA2A5 /* Shape.storyboard */,
				8FF0FB4E1DE48281009CA2A5 /* Arcs.storyboard */,
				8FF0FB521DE48BCF009CA2A5 /* ArcsViewController.swift */,
				8F9D81941E2790F900BB8BAF /* Span.storyboard */,
				8F9D81961E27911400BB8BAF /* SpanViewController.swift */,
				8FCE6B0E1C7E09130079A587 /* Assets.xcassets */,
				8FCE6B101C7E09130079A587 /* LaunchScreen.storyboard */,
				8FCE6B131C7E09130079A587 /* Info.plist */,
			);
			path = ArcDemo;
			sourceTree = "<group>";
		};
		8FD873631C76081E00181FA6 = {
			isa = PBXGroup;
			children = (
				8FCE6AF51C7DFD600079A587 /* Cartfile */,
				8FD8736F1C76081E00181FA6 /* Arc */,
				8FD8737B1C76081E00181FA6 /* ArcTests */,
				8FCE6B061C7E09130079A587 /* ArcDemo */,
				8FD8736E1C76081E00181FA6 /* Products */,
				8F606BD0201B7EA1008D3D63 /* Frameworks */,
			);
			sourceTree = "<group>";
		};
		8FD8736E1C76081E00181FA6 /* Products */ = {
			isa = PBXGroup;
			children = (
				8FD8736D1C76081E00181FA6 /* Arc.framework */,
				8FD873771C76081E00181FA6 /* ArcTests.xctest */,
				8FCE6B051C7E09130079A587 /* ArcDemo.app */,
			);
			name = Products;
			sourceTree = "<group>";
		};
		8FD8736F1C76081E00181FA6 /* Arc */ = {
			isa = PBXGroup;
			children = (
				8F9D819A1E2793E200BB8BAF /* Constants.swift */,
				8F9D81901E278CB200BB8BAF /* SolidArcLayer.swift */,
				8F9D81981E27914300BB8BAF /* SolidArcView.swift */,
				8F9D818C1E27746F00BB8BAF /* ArcCap.swift */,
				8F9D81A21E27B10E00BB8BAF /* ShapeArcLayer.swift */,
				8F9D819E1E27AADB00BB8BAF /* ShapeArcView.swift */,
				8FD873871C76083900181FA6 /* DrawnArcLayer.swift */,
				8F9D819C1E27AAB600BB8BAF /* DrawnArcView.swift */,
				8FA50D051CABBB65005D28B6 /* Supporting Files */,
				8FCE6B2A1C7F358B0079A587 /* Arc.swift */,
			);
			path = Arc;
			sourceTree = "<group>";
		};
		8FD8737B1C76081E00181FA6 /* ArcTests */ = {
			isa = PBXGroup;
			children = (
				8FD8737C1C76081E00181FA6 /* ArcTests.swift */,
				8FD8737E1C76081E00181FA6 /* Info.plist */,
			);
			path = ArcTests;
			sourceTree = "<group>";
		};
/* End PBXGroup section */

/* Begin PBXHeadersBuildPhase section */
		8FD8736A1C76081E00181FA6 /* Headers */ = {
			isa = PBXHeadersBuildPhase;
			buildActionMask = 2147483647;
			files = (
				8FD873711C76081E00181FA6 /* Arc.h in Headers */,
			);
			runOnlyForDeploymentPostprocessing = 0;
		};
/* End PBXHeadersBuildPhase section */

/* Begin PBXNativeTarget section */
		8FCE6B041C7E09130079A587 /* ArcDemo */ = {
			isa = PBXNativeTarget;
			buildConfigurationList = 8FCE6B141C7E09130079A587 /* Build configuration list for PBXNativeTarget "ArcDemo" */;
			buildPhases = (
				8FCE6B011C7E09130079A587 /* Sources */,
				8FCE6B021C7E09130079A587 /* Frameworks */,
				8FCE6B031C7E09130079A587 /* Resources */,
				8FCE6B1B1C7E0B510079A587 /* Embed Frameworks */,
			);
			buildRules = (
			);
			dependencies = (
				8FCE6B291C7F2CF20079A587 /* PBXTargetDependency */,
			);
			name = ArcDemo;
			productName = ArcDemo;
			productReference = 8FCE6B051C7E09130079A587 /* ArcDemo.app */;
			productType = "com.apple.product-type.application";
		};
		8FD8736C1C76081E00181FA6 /* Arc */ = {
			isa = PBXNativeTarget;
			buildConfigurationList = 8FD873811C76081E00181FA6 /* Build configuration list for PBXNativeTarget "Arc" */;
			buildPhases = (
				8FD873681C76081E00181FA6 /* Sources */,
				8FD873691C76081E00181FA6 /* Frameworks */,
				8FD8736A1C76081E00181FA6 /* Headers */,
				8FD8736B1C76081E00181FA6 /* Resources */,
			);
			buildRules = (
			);
			dependencies = (
			);
			name = Arc;
			productName = Arc;
			productReference = 8FD8736D1C76081E00181FA6 /* Arc.framework */;
			productType = "com.apple.product-type.framework";
		};
		8FD873761C76081E00181FA6 /* ArcTests */ = {
			isa = PBXNativeTarget;
			buildConfigurationList = 8FD873841C76081E00181FA6 /* Build configuration list for PBXNativeTarget "ArcTests" */;
			buildPhases = (
				8FD873731C76081E00181FA6 /* Sources */,
				8FD873741C76081E00181FA6 /* Frameworks */,
				8FD873751C76081E00181FA6 /* Resources */,
			);
			buildRules = (
			);
			dependencies = (
				8FD8737A1C76081E00181FA6 /* PBXTargetDependency */,
			);
			name = ArcTests;
			productName = ArcTests;
			productReference = 8FD873771C76081E00181FA6 /* ArcTests.xctest */;
			productType = "com.apple.product-type.bundle.unit-test";
		};
/* End PBXNativeTarget section */

/* Begin PBXProject section */
		8FD873641C76081E00181FA6 /* Project object */ = {
			isa = PBXProject;
			attributes = {
				LastSwiftUpdateCheck = 0720;
				LastUpgradeCheck = 0920;
				ORGANIZATIONNAME = "Christian Otkjær";
				TargetAttributes = {
					8FCE6B041C7E09130079A587 = {
						CreatedOnToolsVersion = 7.2.1;
						DevelopmentTeam = 9HQR3Y4WE5;
						LastSwiftMigration = 0920;
					};
					8FD8736C1C76081E00181FA6 = {
						CreatedOnToolsVersion = 7.2.1;
						LastSwiftMigration = 0920;
					};
					8FD873761C76081E00181FA6 = {
						CreatedOnToolsVersion = 7.2.1;
					};
				};
			};
			buildConfigurationList = 8FD873671C76081E00181FA6 /* Build configuration list for PBXProject "Arc" */;
			compatibilityVersion = "Xcode 3.2";
			developmentRegion = English;
			hasScannedForEncodings = 0;
			knownRegions = (
				en,
				Base,
			);
			mainGroup = 8FD873631C76081E00181FA6;
			productRefGroup = 8FD8736E1C76081E00181FA6 /* Products */;
			projectDirPath = "";
			projectRoot = "";
			targets = (
				8FD8736C1C76081E00181FA6 /* Arc */,
				8FD873761C76081E00181FA6 /* ArcTests */,
				8FCE6B041C7E09130079A587 /* ArcDemo */,
			);
		};
/* End PBXProject section */

/* Begin PBXResourcesBuildPhase section */
		8FCE6B031C7E09130079A587 /* Resources */ = {
			isa = PBXResourcesBuildPhase;
			buildActionMask = 2147483647;
			files = (
				8F9D81951E2790F900BB8BAF /* Span.storyboard in Resources */,
				8FCE6B121C7E09130079A587 /* LaunchScreen.storyboard in Resources */,
				8FCE6B0F1C7E09130079A587 /* Assets.xcassets in Resources */,
				8FCE6B0D1C7E09130079A587 /* Main.storyboard in Resources */,
				8FF0FB4D1DE45CE5009CA2A5 /* Shape.storyboard in Resources */,
				8F9D81A11E27ACF500BB8BAF /* Walk.storyboard in Resources */,
				8F2316071DE44DA6004DAE9B /* Drawn.storyboard in Resources */,
				8FF0FB4F1DE48281009CA2A5 /* Arcs.storyboard in Resources */,
			);
			runOnlyForDeploymentPostprocessing = 0;
		};
		8FD8736B1C76081E00181FA6 /* Resources */ = {
			isa = PBXResourcesBuildPhase;
			buildActionMask = 2147483647;
			files = (
				8FCE6AF61C7DFD600079A587 /* Cartfile in Resources */,
			);
			runOnlyForDeploymentPostprocessing = 0;
		};
		8FD873751C76081E00181FA6 /* Resources */ = {
			isa = PBXResourcesBuildPhase;
			buildActionMask = 2147483647;
			files = (
			);
			runOnlyForDeploymentPostprocessing = 0;
		};
/* End PBXResourcesBuildPhase section */

/* Begin PBXSourcesBuildPhase section */
		8FCE6B011C7E09130079A587 /* Sources */ = {
			isa = PBXSourcesBuildPhase;
			buildActionMask = 2147483647;
			files = (
				8FCE6B0A1C7E09130079A587 /* ViewController.swift in Sources */,
				8F2316091DE44DCE004DAE9B /* DrawnViewController.swift in Sources */,
				8FCE6B081C7E09130079A587 /* AppDelegate.swift in Sources */,
				8F9D81971E27911400BB8BAF /* SpanViewController.swift in Sources */,
				8FF0FB531DE48BCF009CA2A5 /* ArcsViewController.swift in Sources */,
			);
			runOnlyForDeploymentPostprocessing = 0;
		};
		8FD873681C76081E00181FA6 /* Sources */ = {
			isa = PBXSourcesBuildPhase;
			buildActionMask = 2147483647;
			files = (
				8FD873881C76083900181FA6 /* DrawnArcLayer.swift in Sources */,
				8F9D819B1E2793E200BB8BAF /* Constants.swift in Sources */,
				8F9D81991E27914300BB8BAF /* SolidArcView.swift in Sources */,
				8F9D819F1E27AADB00BB8BAF /* ShapeArcView.swift in Sources */,
				8F9D81A31E27B10E00BB8BAF /* ShapeArcLayer.swift in Sources */,
				8F9D81911E278CB200BB8BAF /* SolidArcLayer.swift in Sources */,
				8F9D819D1E27AAB600BB8BAF /* DrawnArcView.swift in Sources */,
				8F9D818D1E27746F00BB8BAF /* ArcCap.swift in Sources */,
				8FCE6B2B1C7F358B0079A587 /* Arc.swift in Sources */,
			);
			runOnlyForDeploymentPostprocessing = 0;
		};
		8FD873731C76081E00181FA6 /* Sources */ = {
			isa = PBXSourcesBuildPhase;
			buildActionMask = 2147483647;
			files = (
				8FD8737D1C76081E00181FA6 /* ArcTests.swift in Sources */,
			);
			runOnlyForDeploymentPostprocessing = 0;
		};
/* End PBXSourcesBuildPhase section */

/* Begin PBXTargetDependency section */
		8FCE6B291C7F2CF20079A587 /* PBXTargetDependency */ = {
			isa = PBXTargetDependency;
			target = 8FD8736C1C76081E00181FA6 /* Arc */;
			targetProxy = 8FCE6B281C7F2CF20079A587 /* PBXContainerItemProxy */;
		};
		8FD8737A1C76081E00181FA6 /* PBXTargetDependency */ = {
			isa = PBXTargetDependency;
			target = 8FD8736C1C76081E00181FA6 /* Arc */;
			targetProxy = 8FD873791C76081E00181FA6 /* PBXContainerItemProxy */;
		};
/* End PBXTargetDependency section */

/* Begin PBXVariantGroup section */
		8FCE6B0B1C7E09130079A587 /* Main.storyboard */ = {
			isa = PBXVariantGroup;
			children = (
				8FCE6B0C1C7E09130079A587 /* Base */,
			);
			name = Main.storyboard;
			sourceTree = "<group>";
		};
		8FCE6B101C7E09130079A587 /* LaunchScreen.storyboard */ = {
			isa = PBXVariantGroup;
			children = (
				8FCE6B111C7E09130079A587 /* Base */,
			);
			name = LaunchScreen.storyboard;
			sourceTree = "<group>";
		};
/* End PBXVariantGroup section */

/* Begin XCBuildConfiguration section */
		8FCE6B151C7E09130079A587 /* Debug */ = {
			isa = XCBuildConfiguration;
			buildSettings = {
				ALWAYS_EMBED_SWIFT_STANDARD_LIBRARIES = YES;
				ASSETCATALOG_COMPILER_APPICON_NAME = AppIcon;
				DEVELOPMENT_TEAM = 9HQR3Y4WE5;
				FRAMEWORK_SEARCH_PATHS = (
					"$(inherited)",
					"$(PROJECT_DIR)/Carthage/Build/iOS",
				);
				INFOPLIST_FILE = ArcDemo/Info.plist;
				IPHONEOS_DEPLOYMENT_TARGET = 9.3;
				LD_RUNPATH_SEARCH_PATHS = "$(inherited) @executable_path/Frameworks";
				PRODUCT_BUNDLE_IDENTIFIER = "com.silverback-it.ArcDemo";
				PRODUCT_NAME = "$(TARGET_NAME)";
				SWIFT_SWIFT3_OBJC_INFERENCE = On;
				SWIFT_VERSION = 4.0;
			};
			name = Debug;
		};
		8FCE6B161C7E09130079A587 /* Release */ = {
			isa = XCBuildConfiguration;
			buildSettings = {
				ALWAYS_EMBED_SWIFT_STANDARD_LIBRARIES = YES;
				ASSETCATALOG_COMPILER_APPICON_NAME = AppIcon;
				DEVELOPMENT_TEAM = 9HQR3Y4WE5;
				FRAMEWORK_SEARCH_PATHS = (
					"$(inherited)",
					"$(PROJECT_DIR)/Carthage/Build/iOS",
				);
				INFOPLIST_FILE = ArcDemo/Info.plist;
				IPHONEOS_DEPLOYMENT_TARGET = 9.3;
				LD_RUNPATH_SEARCH_PATHS = "$(inherited) @executable_path/Frameworks";
				PRODUCT_BUNDLE_IDENTIFIER = "com.silverback-it.ArcDemo";
				PRODUCT_NAME = "$(TARGET_NAME)";
				SWIFT_SWIFT3_OBJC_INFERENCE = On;
				SWIFT_VERSION = 4.0;
			};
			name = Release;
		};
		8FD8737F1C76081E00181FA6 /* Debug */ = {
			isa = XCBuildConfiguration;
			buildSettings = {
				ALWAYS_SEARCH_USER_PATHS = NO;
				CLANG_CXX_LANGUAGE_STANDARD = "gnu++0x";
				CLANG_CXX_LIBRARY = "libc++";
				CLANG_ENABLE_MODULES = YES;
				CLANG_ENABLE_OBJC_ARC = YES;
				CLANG_WARN_BLOCK_CAPTURE_AUTORELEASING = YES;
				CLANG_WARN_BOOL_CONVERSION = YES;
				CLANG_WARN_COMMA = YES;
				CLANG_WARN_CONSTANT_CONVERSION = YES;
				CLANG_WARN_DIRECT_OBJC_ISA_USAGE = YES_ERROR;
				CLANG_WARN_EMPTY_BODY = YES;
				CLANG_WARN_ENUM_CONVERSION = YES;
				CLANG_WARN_INFINITE_RECURSION = YES;
				CLANG_WARN_INT_CONVERSION = YES;
				CLANG_WARN_NON_LITERAL_NULL_CONVERSION = YES;
				CLANG_WARN_OBJC_LITERAL_CONVERSION = YES;
				CLANG_WARN_OBJC_ROOT_CLASS = YES_ERROR;
				CLANG_WARN_RANGE_LOOP_ANALYSIS = YES;
				CLANG_WARN_STRICT_PROTOTYPES = YES;
				CLANG_WARN_SUSPICIOUS_MOVE = YES;
				CLANG_WARN_UNREACHABLE_CODE = YES;
				CLANG_WARN__DUPLICATE_METHOD_MATCH = YES;
				"CODE_SIGN_IDENTITY[sdk=iphoneos*]" = "iPhone Developer";
				COPY_PHASE_STRIP = NO;
				CURRENT_PROJECT_VERSION = 1;
				DEBUG_INFORMATION_FORMAT = dwarf;
				ENABLE_STRICT_OBJC_MSGSEND = YES;
				ENABLE_TESTABILITY = YES;
				GCC_C_LANGUAGE_STANDARD = gnu99;
				GCC_DYNAMIC_NO_PIC = NO;
				GCC_NO_COMMON_BLOCKS = YES;
				GCC_OPTIMIZATION_LEVEL = 0;
				GCC_PREPROCESSOR_DEFINITIONS = (
					"DEBUG=1",
					"$(inherited)",
				);
				GCC_WARN_64_TO_32_BIT_CONVERSION = YES;
				GCC_WARN_ABOUT_RETURN_TYPE = YES_ERROR;
				GCC_WARN_UNDECLARED_SELECTOR = YES;
				GCC_WARN_UNINITIALIZED_AUTOS = YES_AGGRESSIVE;
				GCC_WARN_UNUSED_FUNCTION = YES;
				GCC_WARN_UNUSED_VARIABLE = YES;
				IPHONEOS_DEPLOYMENT_TARGET = 9.2;
				MTL_ENABLE_DEBUG_INFO = YES;
				ONLY_ACTIVE_ARCH = YES;
				SDKROOT = iphoneos;
				SWIFT_OPTIMIZATION_LEVEL = "-Onone";
				TARGETED_DEVICE_FAMILY = "1,2";
				VERSIONING_SYSTEM = "apple-generic";
				VERSION_INFO_PREFIX = "";
			};
			name = Debug;
		};
		8FD873801C76081E00181FA6 /* Release */ = {
			isa = XCBuildConfiguration;
			buildSettings = {
				ALWAYS_SEARCH_USER_PATHS = NO;
				CLANG_CXX_LANGUAGE_STANDARD = "gnu++0x";
				CLANG_CXX_LIBRARY = "libc++";
				CLANG_ENABLE_MODULES = YES;
				CLANG_ENABLE_OBJC_ARC = YES;
				CLANG_WARN_BLOCK_CAPTURE_AUTORELEASING = YES;
				CLANG_WARN_BOOL_CONVERSION = YES;
				CLANG_WARN_COMMA = YES;
				CLANG_WARN_CONSTANT_CONVERSION = YES;
				CLANG_WARN_DIRECT_OBJC_ISA_USAGE = YES_ERROR;
				CLANG_WARN_EMPTY_BODY = YES;
				CLANG_WARN_ENUM_CONVERSION = YES;
				CLANG_WARN_INFINITE_RECURSION = YES;
				CLANG_WARN_INT_CONVERSION = YES;
				CLANG_WARN_NON_LITERAL_NULL_CONVERSION = YES;
				CLANG_WARN_OBJC_LITERAL_CONVERSION = YES;
				CLANG_WARN_OBJC_ROOT_CLASS = YES_ERROR;
				CLANG_WARN_RANGE_LOOP_ANALYSIS = YES;
				CLANG_WARN_STRICT_PROTOTYPES = YES;
				CLANG_WARN_SUSPICIOUS_MOVE = YES;
				CLANG_WARN_UNREACHABLE_CODE = YES;
				CLANG_WARN__DUPLICATE_METHOD_MATCH = YES;
				"CODE_SIGN_IDENTITY[sdk=iphoneos*]" = "iPhone Developer";
				COPY_PHASE_STRIP = NO;
				CURRENT_PROJECT_VERSION = 1;
				DEBUG_INFORMATION_FORMAT = "dwarf-with-dsym";
				ENABLE_NS_ASSERTIONS = NO;
				ENABLE_STRICT_OBJC_MSGSEND = YES;
				GCC_C_LANGUAGE_STANDARD = gnu99;
				GCC_NO_COMMON_BLOCKS = YES;
				GCC_WARN_64_TO_32_BIT_CONVERSION = YES;
				GCC_WARN_ABOUT_RETURN_TYPE = YES_ERROR;
				GCC_WARN_UNDECLARED_SELECTOR = YES;
				GCC_WARN_UNINITIALIZED_AUTOS = YES_AGGRESSIVE;
				GCC_WARN_UNUSED_FUNCTION = YES;
				GCC_WARN_UNUSED_VARIABLE = YES;
				IPHONEOS_DEPLOYMENT_TARGET = 9.2;
				MTL_ENABLE_DEBUG_INFO = NO;
				SDKROOT = iphoneos;
				SWIFT_OPTIMIZATION_LEVEL = "-Owholemodule";
				TARGETED_DEVICE_FAMILY = "1,2";
				VALIDATE_PRODUCT = YES;
				VERSIONING_SYSTEM = "apple-generic";
				VERSION_INFO_PREFIX = "";
			};
			name = Release;
		};
		8FD873821C76081E00181FA6 /* Debug */ = {
			isa = XCBuildConfiguration;
			buildSettings = {
				CLANG_ENABLE_MODULES = YES;
				"CODE_SIGN_IDENTITY[sdk=iphoneos*]" = "";
				DEFINES_MODULE = YES;
				DYLIB_COMPATIBILITY_VERSION = 1;
				DYLIB_CURRENT_VERSION = 1;
				DYLIB_INSTALL_NAME_BASE = "@rpath";
				FRAMEWORK_SEARCH_PATHS = (
					"$(inherited)",
					"$(PROJECT_DIR)/Carthage/Build/iOS",
				);
				INFOPLIST_FILE = Arc/Info.plist;
				INSTALL_PATH = "$(LOCAL_LIBRARY_DIR)/Frameworks";
				IPHONEOS_DEPLOYMENT_TARGET = 9.3;
				LD_RUNPATH_SEARCH_PATHS = "$(inherited) @executable_path/Frameworks @loader_path/Frameworks";
				PRODUCT_BUNDLE_IDENTIFIER = "com.silverback-it.Arc";
				PRODUCT_NAME = "$(TARGET_NAME)";
				SKIP_INSTALL = YES;
				SWIFT_OPTIMIZATION_LEVEL = "-Onone";
				SWIFT_SWIFT3_OBJC_INFERENCE = On;
				SWIFT_VERSION = 4.0;
			};
			name = Debug;
		};
		8FD873831C76081E00181FA6 /* Release */ = {
			isa = XCBuildConfiguration;
			buildSettings = {
				CLANG_ENABLE_MODULES = YES;
				"CODE_SIGN_IDENTITY[sdk=iphoneos*]" = "";
				DEFINES_MODULE = YES;
				DYLIB_COMPATIBILITY_VERSION = 1;
				DYLIB_CURRENT_VERSION = 1;
				DYLIB_INSTALL_NAME_BASE = "@rpath";
				FRAMEWORK_SEARCH_PATHS = (
					"$(inherited)",
					"$(PROJECT_DIR)/Carthage/Build/iOS",
				);
				INFOPLIST_FILE = Arc/Info.plist;
				INSTALL_PATH = "$(LOCAL_LIBRARY_DIR)/Frameworks";
				IPHONEOS_DEPLOYMENT_TARGET = 9.3;
				LD_RUNPATH_SEARCH_PATHS = "$(inherited) @executable_path/Frameworks @loader_path/Frameworks";
				PRODUCT_BUNDLE_IDENTIFIER = "com.silverback-it.Arc";
				PRODUCT_NAME = "$(TARGET_NAME)";
				SKIP_INSTALL = YES;
				SWIFT_SWIFT3_OBJC_INFERENCE = On;
				SWIFT_VERSION = 4.0;
			};
			name = Release;
		};
		8FD873851C76081E00181FA6 /* Debug */ = {
			isa = XCBuildConfiguration;
			buildSettings = {
				INFOPLIST_FILE = ArcTests/Info.plist;
				LD_RUNPATH_SEARCH_PATHS = "$(inherited) @executable_path/Frameworks @loader_path/Frameworks";
				PRODUCT_BUNDLE_IDENTIFIER = "com.silverback-it.ArcTests";
				PRODUCT_NAME = "$(TARGET_NAME)";
			};
			name = Debug;
		};
		8FD873861C76081E00181FA6 /* Release */ = {
			isa = XCBuildConfiguration;
			buildSettings = {
				INFOPLIST_FILE = ArcTests/Info.plist;
				LD_RUNPATH_SEARCH_PATHS = "$(inherited) @executable_path/Frameworks @loader_path/Frameworks";
				PRODUCT_BUNDLE_IDENTIFIER = "com.silverback-it.ArcTests";
				PRODUCT_NAME = "$(TARGET_NAME)";
			};
			name = Release;
		};
/* End XCBuildConfiguration section */

/* Begin XCConfigurationList section */
		8FCE6B141C7E09130079A587 /* Build configuration list for PBXNativeTarget "ArcDemo" */ = {
			isa = XCConfigurationList;
			buildConfigurations = (
				8FCE6B151C7E09130079A587 /* Debug */,
				8FCE6B161C7E09130079A587 /* Release */,
			);
			defaultConfigurationIsVisible = 0;
			defaultConfigurationName = Release;
		};
		8FD873671C76081E00181FA6 /* Build configuration list for PBXProject "Arc" */ = {
			isa = XCConfigurationList;
			buildConfigurations = (
				8FD8737F1C76081E00181FA6 /* Debug */,
				8FD873801C76081E00181FA6 /* Release */,
			);
			defaultConfigurationIsVisible = 0;
			defaultConfigurationName = Release;
		};
		8FD873811C76081E00181FA6 /* Build configuration list for PBXNativeTarget "Arc" */ = {
			isa = XCConfigurationList;
			buildConfigurations = (
				8FD873821C76081E00181FA6 /* Debug */,
				8FD873831C76081E00181FA6 /* Release */,
			);
			defaultConfigurationIsVisible = 0;
			defaultConfigurationName = Release;
		};
		8FD873841C76081E00181FA6 /* Build configuration list for PBXNativeTarget "ArcTests" */ = {
			isa = XCConfigurationList;
			buildConfigurations = (
				8FD873851C76081E00181FA6 /* Debug */,
				8FD873861C76081E00181FA6 /* Release */,
			);
			defaultConfigurationIsVisible = 0;
			defaultConfigurationName = Release;
		};
/* End XCConfigurationList section */
	};
	rootObject = 8FD873641C76081E00181FA6 /* Project object */;
}
